{
  "nodes": {
    "fenix": {
      "inputs": {
        "nixpkgs": "nixpkgs",
        "rust-analyzer-src": "rust-analyzer-src"
      },
      "locked": {
        "lastModified": 1748846362,
        "narHash": "sha256-D2LUpaxJFrkahPE1U6S01u1ZY9Wsr82jOSjAVoIZ/hs=",
        "owner": "nix-community",
        "repo": "fenix",
        "rev": "6a5e421c05cb29bffecdb3a1c3c80cec22d62efd",
        "type": "github"
      },
      "original": {
        "owner": "nix-community",
        "repo": "fenix",
        "type": "github"
      }
    },
    "flake-utils": {
      "inputs": {
        "systems": "systems"
      },
      "locked": {
        "lastModified": 1731533236,
        "narHash": "sha256-l0KFg5HjrsfsO/JpG+r7fRrqm12kzFHyUHqHCVpMMbI=",
        "owner": "numtide",
        "repo": "flake-utils",
        "rev": "11707dc2f618dd54ca8739b309ec4fc024de578b",
        "type": "github"
      },
      "original": {
        "owner": "numtide",
        "repo": "flake-utils",
        "type": "github"
      }
    },
    "naersk": {
      "inputs": {
        "nixpkgs": "nixpkgs_2"
      },
      "locked": {
        "lastModified": 1745925850,
        "narHash": "sha256-cyAAMal0aPrlb1NgzMxZqeN1mAJ2pJseDhm2m6Um8T0=",
        "owner": "nmattia",
        "repo": "naersk",
        "rev": "38bc60bbc157ae266d4a0c96671c6c742ee17a5f",
        "type": "github"
      },
      "original": {
        "owner": "nmattia",
        "repo": "naersk",
        "type": "github"
      }
    },
    "nixpkgs": {
      "locked": {
        "lastModified": 1748693115,
        "narHash": "sha256-StSrWhklmDuXT93yc3GrTlb0cKSS0agTAxMGjLKAsY8=",
        "owner": "nixos",
        "repo": "nixpkgs",
        "rev": "910796cabe436259a29a72e8d3f5e180fc6dfacc",
        "type": "github"
      },
      "original": {
        "owner": "nixos",
        "ref": "nixos-unstable",
        "repo": "nixpkgs",
        "type": "github"
      }
    },
    "nixpkgs_2": {
      "locked": {
        "lastModified": 1748792178,
        "narHash": "sha256-BHmgfHlCJVNisJShVaEmfDIr/Ip58i/4oFGlD1iK6lk=",
        "owner": "NixOS",
        "repo": "nixpkgs",
        "rev": "5929de975bcf4c7c8d8b5ca65c8cd9ef9e44523e",
        "type": "github"
      },
      "original": {
        "owner": "NixOS",
        "ref": "nixpkgs-unstable",
        "repo": "nixpkgs",
        "type": "github"
      }
    },
    "nixpkgs_3": {
      "locked": {
        "lastModified": 1748792178,
        "narHash": "sha256-BHmgfHlCJVNisJShVaEmfDIr/Ip58i/4oFGlD1iK6lk=",
        "owner": "NixOS",
        "repo": "nixpkgs",
        "rev": "5929de975bcf4c7c8d8b5ca65c8cd9ef9e44523e",
        "type": "github"
      },
      "original": {
        "owner": "NixOS",
        "ref": "nixpkgs-unstable",
        "repo": "nixpkgs",
        "type": "github"
      }
    },
    "root": {
      "inputs": {
        "fenix": "fenix",
        "flake-utils": "flake-utils",
        "naersk": "naersk",
        "nixpkgs": "nixpkgs_3"
      }
    },
    "rust-analyzer-src": {
      "flake": false,
      "locked": {
        "lastModified": 1748695646,
        "narHash": "sha256-VwSuuRF4NvAoeHZJRRlX8zAFZ+nZyuiIvmVqBAX0Bcg=",
        "owner": "rust-lang",
        "repo": "rust-analyzer",
        "rev": "2a388d1103450d814a84eda98efe89c01b158343",
        "type": "github"
      },
      "original": {
        "owner": "rust-lang",
        "ref": "nightly",
        "repo": "rust-analyzer",
        "type": "github"
      }
    },
    "systems": {
      "locked": {
        "lastModified": 1681028828,
        "narHash": "sha256-Vy1rq5AaRuLzOxct8nz4T6wlgyUR7zLU309k9mBC768=",
        "owner": "nix-systems",
        "repo": "default",
        "rev": "da67096a3b9bf56a91d16901293e51ba5b49a27e",
        "type": "github"
      },
      "original": {
        "owner": "nix-systems",
        "repo": "default",
        "type": "github"
      }
    }
  },
  "root": "root",
  "version": 7
}
