# This file is automatically @generated by Cargo.
# It is not intended for manual editing.
version = 3

[[package]]
name = "autocfg"
version = "1.1.0"
source = "registry+https://github.com/rust-lang/crates.io-index"
checksum = "d468802bab17cbc0cc575e9b053f41e72aa36bfa6b7f55e3529ffa43161b97fa"

[[package]]
name = "bumpalo"
version = "3.12.0"
source = "registry+https://github.com/rust-lang/crates.io-index"
checksum = "0d261e256854913907f67ed06efbc3338dfe6179796deefc1ff763fc1aee5535"

[[package]]
name = "cc"
version = "1.0.79"
source = "registry+https://github.com/rust-lang/crates.io-index"
checksum = "50d30906286121d95be3d479533b458f87493b30a4b5f79a607db8f5d11aa91f"

[[package]]
name = "cfg-if"
version = "1.0.0"
source = "registry+https://github.com/rust-lang/crates.io-index"
checksum = "baf1de4339761588bc0619e3cbc0120ee582ebb74b53b4efbf79117bd2da40fd"

[[package]]
name = "cmake"
version = "0.1.50"
source = "registry+https://github.com/rust-lang/crates.io-index"
checksum = "a31c789563b815f77f4250caee12365734369f942439b7defd71e18a48197130"
dependencies = [
 "cc",
]

[[package]]
name = "js-sys"
version = "0.3.61"
source = "registry+https://github.com/rust-lang/crates.io-index"
checksum = "445dde2150c55e483f3d8416706b97ec8e8237c307e5b7b4b8dd15e6af2a0730"
dependencies = [
 "wasm-bindgen",
]

[[package]]
name = "lazy_static"
version = "1.4.0"
source = "registry+https://github.com/rust-lang/crates.io-index"
checksum = "e2abad23fbc42b3700f2f279844dc832adb2b2eb069b2df918f455c4e18cc646"

[[package]]
name = "libc"
version = "0.2.141"
source = "registry+https://github.com/rust-lang/crates.io-index"
checksum = "3304a64d199bb964be99741b7a14d26972741915b3649639149b2479bb46f4b5"

[[package]]
name = "libm"
version = "0.2.6"
source = "registry+https://github.com/rust-lang/crates.io-index"
checksum = "348108ab3fba42ec82ff6e9564fc4ca0247bdccdc68dd8af9764bbc79c3c8ffb"

[[package]]
name = "log"
version = "0.4.17"
source = "registry+https://github.com/rust-lang/crates.io-index"
checksum = "abb12e687cfb44aa40f41fc3978ef76448f9b6038cad6aef4259d3c095a2382e"
dependencies = [
 "cfg-if",
]

[[package]]
name = "octets"
version = "0.2.0"
source = "git+https://github.com/n8o/quiche.git?branch=master#0137dc3ca6f4f31e3175d0a0868acb9c64b46cc7"

[[package]]
name = "once_cell"
version = "1.17.1"
source = "registry+https://github.com/rust-lang/crates.io-index"
checksum = "b7e5500299e16ebb147ae15a00a942af264cf3688f47923b8fc2cd5858f23ad3"

[[package]]
name = "proc-macro2"
version = "1.0.56"
source = "registry+https://github.com/rust-lang/crates.io-index"
checksum = "2b63bdb0cd06f1f4dedf69b254734f9b45af66e4a031e42a7480257d9898b435"
dependencies = [
 "unicode-ident",
]

[[package]]
name = "quiche"
version = "0.17.1"
source = "git+https://github.com/n8o/quiche.git?branch=master#0137dc3ca6f4f31e3175d0a0868acb9c64b46cc7"
dependencies = [
 "cmake",
 "lazy_static",
 "libc",
 "libm",
 "log",
 "octets",
 "ring",
 "slab",
 "smallvec",
 "winapi",
]

[[package]]
name = "quote"
version = "1.0.26"
source = "registry+https://github.com/rust-lang/crates.io-index"
checksum = "4424af4bf778aae2051a77b60283332f386554255d722233d09fbfc7e30da2fc"
dependencies = [
 "proc-macro2",
]

[[package]]
name = "ring"
version = "0.16.20"
source = "registry+https://github.com/rust-lang/crates.io-index"
checksum = "3053cf52e236a3ed746dfc745aa9cacf1b791d846bdaf412f60a8d7d6e17c8fc"
dependencies = [
 "cc",
 "libc",
 "once_cell",
 "spin",
 "untrusted",
 "web-sys",
 "winapi",
]

[[package]]
name = "serde"
version = "1.0.160"
source = "registry+https://github.com/rust-lang/crates.io-index"
checksum = "bb2f3770c8bce3bcda7e149193a069a0f4365bda1fa5cd88e03bca26afc1216c"

[[package]]
name = "slab"
version = "0.4.8"
source = "registry+https://github.com/rust-lang/crates.io-index"
checksum = "6528351c9bc8ab22353f9d776db39a20288e8d6c37ef8cfe3317cf875eecfc2d"
dependencies = [
 "autocfg",
]

[[package]]
name = "smallvec"
version = "1.10.0"
source = "registry+https://github.com/rust-lang/crates.io-index"
checksum = "a507befe795404456341dfab10cef66ead4c041f62b8b11bbb92bffe5d0953e0"
dependencies = [
 "serde",
]

[[package]]
name = "spin"
version = "0.5.2"
source = "registry+https://github.com/rust-lang/crates.io-index"
checksum = "6e63cff320ae2c57904679ba7cb63280a3dc4613885beafb148ee7bf9aa9042d"

[[package]]
name = "syn"
version = "1.0.109"
source = "registry+https://github.com/rust-lang/crates.io-index"
checksum = "72b64191b275b66ffe2469e8af2c1cfe3bafa67b529ead792a6d0160888b4237"
dependencies = [
 "proc-macro2",
 "quote",
 "unicode-ident",
]

[[package]]
name = "unicode-ident"
version = "1.0.8"
source = "registry+https://github.com/rust-lang/crates.io-index"
checksum = "e5464a87b239f13a63a501f2701565754bae92d243d4bb7eb12f6d57d2269bf4"

[[package]]
name = "untrusted"
version = "0.7.1"
source = "registry+https://github.com/rust-lang/crates.io-index"
checksum = "a156c684c91ea7d62626509bce3cb4e1d9ed5c4d978f7b4352658f96a4c26b4a"

[[package]]
name = "warp-server"
version = "0.1.0"
dependencies = [
 "quiche",
]

[[package]]
name = "wasm-bindgen"
version = "0.2.84"
source = "registry+https://github.com/rust-lang/crates.io-index"
checksum = "31f8dcbc21f30d9b8f2ea926ecb58f6b91192c17e9d33594b3df58b2007ca53b"
dependencies = [
 "cfg-if",
 "wasm-bindgen-macro",
]

[[package]]
name = "wasm-bindgen-backend"
version = "0.2.84"
source = "registry+https://github.com/rust-lang/crates.io-index"
checksum = "95ce90fd5bcc06af55a641a86428ee4229e44e07033963a2290a8e241607ccb9"
dependencies = [
 "bumpalo",
 "log",
 "once_cell",
 "proc-macro2",
 "quote",
 "syn",
 "wasm-bindgen-shared",
]

[[package]]
name = "wasm-bindgen-macro"
version = "0.2.84"
source = "registry+https://github.com/rust-lang/crates.io-index"
checksum = "4c21f77c0bedc37fd5dc21f897894a5ca01e7bb159884559461862ae90c0b4c5"
dependencies = [
 "quote",
 "wasm-bindgen-macro-support",
]

[[package]]
name = "wasm-bindgen-macro-support"
version = "0.2.84"
source = "registry+https://github.com/rust-lang/crates.io-index"
checksum = "2aff81306fcac3c7515ad4e177f521b5c9a15f2b08f4e32d823066102f35a5f6"
dependencies = [
 "proc-macro2",
 "quote",
 "syn",
 "wasm-bindgen-backend",
 "wasm-bindgen-shared",
]

[[package]]
name = "wasm-bindgen-shared"
version = "0.2.84"
source = "registry+https://github.com/rust-lang/crates.io-index"
checksum = "0046fef7e28c3804e5e38bfa31ea2a0f73905319b677e57ebe37e49358989b5d"

[[package]]
name = "web-sys"
version = "0.3.61"
source = "registry+https://github.com/rust-lang/crates.io-index"
checksum = "e33b99f4b23ba3eec1a53ac264e35a755f00e966e0065077d6027c0f575b0b97"
dependencies = [
 "js-sys",
 "wasm-bindgen",
]

[[package]]
name = "winapi"
version = "0.3.9"
source = "registry+https://github.com/rust-lang/crates.io-index"
checksum = "5c839a674fcd7a98952e593242ea400abe93992746761e38641405d28b00f419"
dependencies = [
 "winapi-i686-pc-windows-gnu",
 "winapi-x86_64-pc-windows-gnu",
]

[[package]]
name = "winapi-i686-pc-windows-gnu"
version = "0.4.0"
source = "registry+https://github.com/rust-lang/crates.io-index"
checksum = "ac3b87c63620426dd9b991e5ce0329eff545bccbbb34f3be09ff6fb6ab51b7b6"

[[package]]
name = "winapi-x86_64-pc-windows-gnu"
version = "0.4.0"
source = "registry+https://github.com/rust-lang/crates.io-index"
checksum = "712e227841d057c1ee1cd2fb22fa7e5a5461ae8e48fa2ca79ec42cfc1931183f"
