{
	"name": "@kixelated/moq",
	"version": "0.1.4",
	"lockfileVersion": 3,
	"requires": true,
	"packages": {
		"": {
			"name": "@kixelated/moq",
			"version": "0.1.4",
			"license": "(MIT OR Apache-2.0)",
			"devDependencies": {
				"@types/audioworklet": "^0.0.50",
				"@types/dom-mediacapture-transform": "^0.1.6",
				"@types/dom-webcodecs": "^0.1.8",
				"@typescript/lib-dom": "npm:@types/web@^0.0.115",
				"typescript": "^5.1.6"
			}
		},
		"node_modules/@types/audioworklet": {
			"version": "0.0.50",
			"resolved": "https://registry.npmjs.org/@types/audioworklet/-/audioworklet-0.0.50.tgz",
			"integrity": "sha512-Wic6k+tczhJZz4yq2ianEowIF/xH10wI9ac8sBDh27Jvs+WIvXIeM+nWPPRITFwSKuLZKlvVjfLiNmUjfy4koA==",
			"dev": true,
			"license": "Apache-2.0"
		},
		"node_modules/@types/dom-mediacapture-transform": {
			"version": "0.1.11",
			"resolved": "https://registry.npmjs.org/@types/dom-mediacapture-transform/-/dom-mediacapture-transform-0.1.11.tgz",
			"integrity": "sha512-Y2p+nGf1bF2XMttBnsVPHUWzRRZzqUoJAKmiP10b5umnO6DDrWI0BrGDJy1pOHoOULVmGSfFNkQrAlC5dcj6nQ==",
			"dev": true,
			"license": "MIT",
			"dependencies": {
				"@types/dom-webcodecs": "*"
			}
		},
		"node_modules/@types/dom-webcodecs": {
			"version": "0.1.14",
			"resolved": "https://registry.npmjs.org/@types/dom-webcodecs/-/dom-webcodecs-0.1.14.tgz",
			"integrity": "sha512-ba9aF0qARLLQpLihONIRbj8VvAdUxO+5jIxlscVcDAQTcJmq5qVr781+ino5qbQUJUmO21cLP2eLeXYWzao5Vg==",
			"dev": true,
			"license": "MIT"
		},
		"node_modules/@typescript/lib-dom": {
			"name": "@types/web",
			"version": "0.0.115",
			"resolved": "https://registry.npmjs.org/@types/web/-/web-0.0.115.tgz",
			"integrity": "sha512-IBtUgtxnITC7WTCg4tv6kCnSP0T+fM+3PzQPIzLzJY1DDlhBFKM/9+uMURw14YweWPDiFNIZ94Gc1bJtwow97g==",
			"dev": true,
			"license": "Apache-2.0"
		},
		"node_modules/typescript": {
			"version": "5.8.2",
			"resolved": "https://registry.npmjs.org/typescript/-/typescript-5.8.2.tgz",
			"integrity": "sha512-aJn6wq13/afZp/jT9QZmwEjDqqvSGp1VT5GVg+f/t6/oVyrgXM6BY1h9BRh/O5p3PlUPAe+WuiEZOmb/49RqoQ==",
			"dev": true,
			"license": "Apache-2.0",
			"bin": {
				"tsc": "bin/tsc",
				"tsserver": "bin/tsserver"
			},
			"engines": {
				"node": ">=14.17"
			}
		}
	}
}
